// !$*UTF8*$!
{
	archiveVersion = 1;
	classes = {
	};
	objectVersion = 55;
	objects = {

/* Begin PBXBuildFile section */
		BFB3FC0628329D6C000B7B21 /* AppDelegate.swift in Sources */ = {isa = PBXBuildFile; fileRef = BFB3FC0528329D6C000B7B21 /* AppDelegate.swift */; };
		BFB3FC0828329D6C000B7B21 /* SceneDelegate.swift in Sources */ = {isa = PBXBuildFile; fileRef = BFB3FC0728329D6C000B7B21 /* SceneDelegate.swift */; };
		BFB3FC0A28329D6C000B7B21 /* PhotoRepositoryController.swift in Sources */ = {isa = PBXBuildFile; fileRef = BFB3FC0928329D6C000B7B21 /* PhotoRepositoryController.swift */; };
		BFB3FC0F28329D6E000B7B21 /* Assets.xcassets in Resources */ = {isa = PBXBuildFile; fileRef = BFB3FC0E28329D6E000B7B21 /* Assets.xcassets */; };
		BFB3FC1228329D6E000B7B21 /* LaunchScreen.storyboard in Resources */ = {isa = PBXBuildFile; fileRef = BFB3FC1028329D6E000B7B21 /* LaunchScreen.storyboard */; };
		BFB3FC1F28329EAB000B7B21 /* Enums.swift in Sources */ = {isa = PBXBuildFile; fileRef = BFB3FC1E28329EAB000B7B21 /* Enums.swift */; };
		BFB3FC2128329EC1000B7B21 /* Person.swift in Sources */ = {isa = PBXBuildFile; fileRef = BFB3FC2028329EC1000B7B21 /* Person.swift */; };
		BFB3FC2428329ED6000B7B21 /* NetworkingManager.swift in Sources */ = {isa = PBXBuildFile; fileRef = BFB3FC2328329ED6000B7B21 /* NetworkingManager.swift */; };
		BFB3FC2628329EF3000B7B21 /* CardCollectionViewCell.swift in Sources */ = {isa = PBXBuildFile; fileRef = BFB3FC2528329EF3000B7B21 /* CardCollectionViewCell.swift */; };
		BFB3FC2B2832ABE0000B7B21 /* UIFont+.swift in Sources */ = {isa = PBXBuildFile; fileRef = BFB3FC2A2832ABE0000B7B21 /* UIFont+.swift */; };
		BFB3FC332832B46A000B7B21 /* BrutaProCompressed-Light.ttf in Resources */ = {isa = PBXBuildFile; fileRef = BFB3FC2C2832B46A000B7B21 /* BrutaProCompressed-Light.ttf */; };
		BFB3FC342832B46A000B7B21 /* BrutaProCompressed-Bold.ttf in Resources */ = {isa = PBXBuildFile; fileRef = BFB3FC2D2832B46A000B7B21 /* BrutaProCompressed-Bold.ttf */; };
		BFB3FC352832B46A000B7B21 /* BrutaProCompressed-ExtraBold.ttf in Resources */ = {isa = PBXBuildFile; fileRef = BFB3FC2E2832B46A000B7B21 /* BrutaProCompressed-ExtraBold.ttf */; };
		BFB3FC362832B46A000B7B21 /* BrutaProCompressed-Black.ttf in Resources */ = {isa = PBXBuildFile; fileRef = BFB3FC2F2832B46A000B7B21 /* BrutaProCompressed-Black.ttf */; };
		BFB3FC372832B46A000B7B21 /* BrutaProCompressed-Regular.ttf in Resources */ = {isa = PBXBuildFile; fileRef = BFB3FC302832B46A000B7B21 /* BrutaProCompressed-Regular.ttf */; };
		BFB3FC382832B46A000B7B21 /* BrutaProCompressed-ExtraLight.ttf in Resources */ = {isa = PBXBuildFile; fileRef = BFB3FC312832B46A000B7B21 /* BrutaProCompressed-ExtraLight.ttf */; };
		BFB3FC392832B46A000B7B21 /* BrutaProCompressed-Thin.ttf in Resources */ = {isa = PBXBuildFile; fileRef = BFB3FC322832B46A000B7B21 /* BrutaProCompressed-Thin.ttf */; };
		BFB3FC3B2833A234000B7B21 /* UIView+.swift in Sources */ = {isa = PBXBuildFile; fileRef = BFB3FC3A2833A234000B7B21 /* UIView+.swift */; };
		E929E5E46CF87438ED062EBA /* Pods_PhotoRepository.framework in Frameworks */ = {isa = PBXBuildFile; fileRef = 0607C8BAC2EA088F32CEF02F /* Pods_PhotoRepository.framework */; };
/* End PBXBuildFile section */

/* Begin PBXFileReference section */
		0607C8BAC2EA088F32CEF02F /* Pods_PhotoRepository.framework */ = {isa = PBXFileReference; explicitFileType = wrapper.framework; includeInIndex = 0; path = Pods_PhotoRepository.framework; sourceTree = BUILT_PRODUCTS_DIR; };
		6D3FA596EA183EF4920D7B58 /* Pods-PhotoRepository.release.xcconfig */ = {isa = PBXFileReference; includeInIndex = 1; lastKnownFileType = text.xcconfig; name = "Pods-PhotoRepository.release.xcconfig"; path = "Target Support Files/Pods-PhotoRepository/Pods-PhotoRepository.release.xcconfig"; sourceTree = "<group>"; };
		BFB3FC0228329D6C000B7B21 /* PhotoRepository.app */ = {isa = PBXFileReference; explicitFileType = wrapper.application; includeInIndex = 0; path = PhotoRepository.app; sourceTree = BUILT_PRODUCTS_DIR; };
		BFB3FC0528329D6C000B7B21 /* AppDelegate.swift */ = {isa = PBXFileReference; lastKnownFileType = sourcecode.swift; path = AppDelegate.swift; sourceTree = "<group>"; };
		BFB3FC0728329D6C000B7B21 /* SceneDelegate.swift */ = {isa = PBXFileReference; lastKnownFileType = sourcecode.swift; path = SceneDelegate.swift; sourceTree = "<group>"; };
		BFB3FC0928329D6C000B7B21 /* PhotoRepositoryController.swift */ = {isa = PBXFileReference; lastKnownFileType = sourcecode.swift; path = PhotoRepositoryController.swift; sourceTree = "<group>"; };
		BFB3FC0E28329D6E000B7B21 /* Assets.xcassets */ = {isa = PBXFileReference; lastKnownFileType = folder.assetcatalog; path = Assets.xcassets; sourceTree = "<group>"; };
		BFB3FC1128329D6E000B7B21 /* Base */ = {isa = PBXFileReference; lastKnownFileType = file.storyboard; name = Base; path = Base.lproj/LaunchScreen.storyboard; sourceTree = "<group>"; };
		BFB3FC1328329D6E000B7B21 /* Info.plist */ = {isa = PBXFileReference; lastKnownFileType = text.plist.xml; path = Info.plist; sourceTree = "<group>"; };
		BFB3FC1E28329EAB000B7B21 /* Enums.swift */ = {isa = PBXFileReference; lastKnownFileType = sourcecode.swift; path = Enums.swift; sourceTree = "<group>"; };
		BFB3FC2028329EC1000B7B21 /* Person.swift */ = {isa = PBXFileReference; lastKnownFileType = sourcecode.swift; path = Person.swift; sourceTree = "<group>"; };
		BFB3FC2328329ED6000B7B21 /* NetworkingManager.swift */ = {isa = PBXFileReference; lastKnownFileType = sourcecode.swift; path = NetworkingManager.swift; sourceTree = "<group>"; };
		BFB3FC2528329EF3000B7B21 /* CardCollectionViewCell.swift */ = {isa = PBXFileReference; lastKnownFileType = sourcecode.swift; path = CardCollectionViewCell.swift; sourceTree = "<group>"; };
		BFB3FC2A2832ABE0000B7B21 /* UIFont+.swift */ = {isa = PBXFileReference; lastKnownFileType = sourcecode.swift; path = "UIFont+.swift"; sourceTree = "<group>"; };
		BFB3FC2C2832B46A000B7B21 /* BrutaProCompressed-Light.ttf */ = {isa = PBXFileReference; lastKnownFileType = file; path = "BrutaProCompressed-Light.ttf"; sourceTree = "<group>"; };
		BFB3FC2D2832B46A000B7B21 /* BrutaProCompressed-Bold.ttf */ = {isa = PBXFileReference; lastKnownFileType = file; path = "BrutaProCompressed-Bold.ttf"; sourceTree = "<group>"; };
		BFB3FC2E2832B46A000B7B21 /* BrutaProCompressed-ExtraBold.ttf */ = {isa = PBXFileReference; lastKnownFileType = file; path = "BrutaProCompressed-ExtraBold.ttf"; sourceTree = "<group>"; };
		BFB3FC2F2832B46A000B7B21 /* BrutaProCompressed-Black.ttf */ = {isa = PBXFileReference; lastKnownFileType = file; path = "BrutaProCompressed-Black.ttf"; sourceTree = "<group>"; };
		BFB3FC302832B46A000B7B21 /* BrutaProCompressed-Regular.ttf */ = {isa = PBXFileReference; lastKnownFileType = file; path = "BrutaProCompressed-Regular.ttf"; sourceTree = "<group>"; };
		BFB3FC312832B46A000B7B21 /* BrutaProCompressed-ExtraLight.ttf */ = {isa = PBXFileReference; lastKnownFileType = file; path = "BrutaProCompressed-ExtraLight.ttf"; sourceTree = "<group>"; };
		BFB3FC322832B46A000B7B21 /* BrutaProCompressed-Thin.ttf */ = {isa = PBXFileReference; lastKnownFileType = file; path = "BrutaProCompressed-Thin.ttf"; sourceTree = "<group>"; };
		BFB3FC3A2833A234000B7B21 /* UIView+.swift */ = {isa = PBXFileReference; lastKnownFileType = sourcecode.swift; path = "UIView+.swift"; sourceTree = "<group>"; };
		D5385E04BA370D7D5206F7F4 /* Pods-PhotoRepository.debug.xcconfig */ = {isa = PBXFileReference; includeInIndex = 1; lastKnownFileType = text.xcconfig; name = "Pods-PhotoRepository.debug.xcconfig"; path = "Target Support Files/Pods-PhotoRepository/Pods-PhotoRepository.debug.xcconfig"; sourceTree = "<group>"; };
/* End PBXFileReference section */

/* Begin PBXFrameworksBuildPhase section */
		BFB3FBFF28329D6C000B7B21 /* Frameworks */ = {
			isa = PBXFrameworksBuildPhase;
			buildActionMask = 2147483647;
			files = (
				E929E5E46CF87438ED062EBA /* Pods_PhotoRepository.framework in Frameworks */,
			);
			runOnlyForDeploymentPostprocessing = 0;
		};
/* End PBXFrameworksBuildPhase section */

/* Begin PBXGroup section */
		30982FC4DBAC8BB7DF0DF5B5 /* Pods */ = {
			isa = PBXGroup;
			children = (
				D5385E04BA370D7D5206F7F4 /* Pods-PhotoRepository.debug.xcconfig */,
				6D3FA596EA183EF4920D7B58 /* Pods-PhotoRepository.release.xcconfig */,
			);
			path = Pods;
			sourceTree = "<group>";
		};
		BFB3FBF928329D6C000B7B21 = {
			isa = PBXGroup;
			children = (
				BFB3FC0428329D6C000B7B21 /* PhotoRepository */,
				BFB3FC0328329D6C000B7B21 /* Products */,
				30982FC4DBAC8BB7DF0DF5B5 /* Pods */,
				C125A293A2C05CE952A8A4F4 /* Frameworks */,
			);
			sourceTree = "<group>";
		};
		BFB3FC0328329D6C000B7B21 /* Products */ = {
			isa = PBXGroup;
			children = (
				BFB3FC0228329D6C000B7B21 /* PhotoRepository.app */,
			);
			name = Products;
			sourceTree = "<group>";
		};
		BFB3FC0428329D6C000B7B21 /* PhotoRepository */ = {
			isa = PBXGroup;
			children = (
				BFB3FC272832AB8B000B7B21 /* Font */,
				BFB3FC2228329ECB000B7B21 /* Managers */,
				BFB3FC1D28329DA8000B7B21 /* Enums */,
				BFB3FC1C28329DA0000B7B21 /* Extension */,
				BFB3FC1B28329D9C000B7B21 /* Models */,
				BFB3FC1A28329D95000B7B21 /* Views */,
				BFB3FC1928329D8C000B7B21 /* Controllers */,
				BFB3FC0528329D6C000B7B21 /* AppDelegate.swift */,
				BFB3FC0728329D6C000B7B21 /* SceneDelegate.swift */,
				BFB3FC0E28329D6E000B7B21 /* Assets.xcassets */,
				BFB3FC1028329D6E000B7B21 /* LaunchScreen.storyboard */,
				BFB3FC1328329D6E000B7B21 /* Info.plist */,
			);
			path = PhotoRepository;
			sourceTree = "<group>";
		};
		BFB3FC1928329D8C000B7B21 /* Controllers */ = {
			isa = PBXGroup;
			children = (
				BFB3FC0928329D6C000B7B21 /* PhotoRepositoryController.swift */,
			);
			path = Controllers;
			sourceTree = "<group>";
		};
		BFB3FC1A28329D95000B7B21 /* Views */ = {
			isa = PBXGroup;
			children = (
				BFB3FC2528329EF3000B7B21 /* CardCollectionViewCell.swift */,
			);
			path = Views;
			sourceTree = "<group>";
		};
		BFB3FC1B28329D9C000B7B21 /* Models */ = {
			isa = PBXGroup;
			children = (
				BFB3FC2028329EC1000B7B21 /* Person.swift */,
			);
			path = Models;
			sourceTree = "<group>";
		};
		BFB3FC1C28329DA0000B7B21 /* Extension */ = {
			isa = PBXGroup;
			children = (
				BFB3FC2A2832ABE0000B7B21 /* UIFont+.swift */,
				BFB3FC3A2833A234000B7B21 /* UIView+.swift */,
			);
			path = Extension;
			sourceTree = "<group>";
		};
		BFB3FC1D28329DA8000B7B21 /* Enums */ = {
			isa = PBXGroup;
			children = (
				BFB3FC1E28329EAB000B7B21 /* Enums.swift */,
			);
			path = Enums;
			sourceTree = "<group>";
		};
		BFB3FC2228329ECB000B7B21 /* Managers */ = {
			isa = PBXGroup;
			children = (
				BFB3FC2328329ED6000B7B21 /* NetworkingManager.swift */,
			);
			path = Managers;
			sourceTree = "<group>";
		};
		BFB3FC272832AB8B000B7B21 /* Font */ = {
			isa = PBXGroup;
			children = (
				BFB3FC2F2832B46A000B7B21 /* BrutaProCompressed-Black.ttf */,
				BFB3FC2D2832B46A000B7B21 /* BrutaProCompressed-Bold.ttf */,
				BFB3FC2E2832B46A000B7B21 /* BrutaProCompressed-ExtraBold.ttf */,
				BFB3FC312832B46A000B7B21 /* BrutaProCompressed-ExtraLight.ttf */,
				BFB3FC2C2832B46A000B7B21 /* BrutaProCompressed-Light.ttf */,
				BFB3FC302832B46A000B7B21 /* BrutaProCompressed-Regular.ttf */,
				BFB3FC322832B46A000B7B21 /* BrutaProCompressed-Thin.ttf */,
			);
			path = Font;
			sourceTree = "<group>";
		};
		C125A293A2C05CE952A8A4F4 /* Frameworks */ = {
			isa = PBXGroup;
			children = (
				0607C8BAC2EA088F32CEF02F /* Pods_PhotoRepository.framework */,
			);
			name = Frameworks;
			sourceTree = "<group>";
		};
/* End PBXGroup section */

/* Begin PBXNativeTarget section */
		BFB3FC0128329D6C000B7B21 /* PhotoRepository */ = {
			isa = PBXNativeTarget;
			buildConfigurationList = BFB3FC1628329D6E000B7B21 /* Build configuration list for PBXNativeTarget "PhotoRepository" */;
			buildPhases = (
				037535CEF01D342C22279B4F /* [CP] Check Pods Manifest.lock */,
				BFB3FBFE28329D6C000B7B21 /* Sources */,
				BFB3FBFF28329D6C000B7B21 /* Frameworks */,
				BFB3FC0028329D6C000B7B21 /* Resources */,
				25C62A5F89ACF4F8AA8A3EA4 /* [CP] Embed Pods Frameworks */,
			);
			buildRules = (
			);
			dependencies = (
			);
			name = PhotoRepository;
			productName = PhotoRepository;
			productReference = BFB3FC0228329D6C000B7B21 /* PhotoRepository.app */;
			productType = "com.apple.product-type.application";
		};
/* End PBXNativeTarget section */

/* Begin PBXProject section */
		BFB3FBFA28329D6C000B7B21 /* Project object */ = {
			isa = PBXProject;
			attributes = {
				BuildIndependentTargetsInParallel = 1;
				LastSwiftUpdateCheck = 1330;
				LastUpgradeCheck = 1330;
				TargetAttributes = {
					BFB3FC0128329D6C000B7B21 = {
						CreatedOnToolsVersion = 13.3.1;
					};
				};
			};
			buildConfigurationList = BFB3FBFD28329D6C000B7B21 /* Build configuration list for PBXProject "PhotoRepository" */;
			compatibilityVersion = "Xcode 13.0";
			developmentRegion = en;
			hasScannedForEncodings = 0;
			knownRegions = (
				en,
				Base,
			);
			mainGroup = BFB3FBF928329D6C000B7B21;
			productRefGroup = BFB3FC0328329D6C000B7B21 /* Products */;
			projectDirPath = "";
			projectRoot = "";
			targets = (
				BFB3FC0128329D6C000B7B21 /* PhotoRepository */,
			);
		};
/* End PBXProject section */

/* Begin PBXResourcesBuildPhase section */
		BFB3FC0028329D6C000B7B21 /* Resources */ = {
			isa = PBXResourcesBuildPhase;
			buildActionMask = 2147483647;
			files = (
				BFB3FC382832B46A000B7B21 /* BrutaProCompressed-ExtraLight.ttf in Resources */,
				BFB3FC1228329D6E000B7B21 /* LaunchScreen.storyboard in Resources */,
				BFB3FC352832B46A000B7B21 /* BrutaProCompressed-ExtraBold.ttf in Resources */,
				BFB3FC342832B46A000B7B21 /* BrutaProCompressed-Bold.ttf in Resources */,
				BFB3FC332832B46A000B7B21 /* BrutaProCompressed-Light.ttf in Resources */,
				BFB3FC372832B46A000B7B21 /* BrutaProCompressed-Regular.ttf in Resources */,
				BFB3FC392832B46A000B7B21 /* BrutaProCompressed-Thin.ttf in Resources */,
				BFB3FC0F28329D6E000B7B21 /* Assets.xcassets in Resources */,
				BFB3FC362832B46A000B7B21 /* BrutaProCompressed-Black.ttf in Resources */,
			);
			runOnlyForDeploymentPostprocessing = 0;
		};
/* End PBXResourcesBuildPhase section */

/* Begin PBXShellScriptBuildPhase section */
		037535CEF01D342C22279B4F /* [CP] Check Pods Manifest.lock */ = {
			isa = PBXShellScriptBuildPhase;
			buildActionMask = 2147483647;
			files = (
			);
			inputFileListPaths = (
			);
			inputPaths = (
				"${PODS_PODFILE_DIR_PATH}/Podfile.lock",
				"${PODS_ROOT}/Manifest.lock",
			);
			name = "[CP] Check Pods Manifest.lock";
			outputFileListPaths = (
			);
			outputPaths = (
				"$(DERIVED_FILE_DIR)/Pods-PhotoRepository-checkManifestLockResult.txt",
			);
			runOnlyForDeploymentPostprocessing = 0;
			shellPath = /bin/sh;
			shellScript = "diff \"${PODS_PODFILE_DIR_PATH}/Podfile.lock\" \"${PODS_ROOT}/Manifest.lock\" > /dev/null\nif [ $? != 0 ] ; then\n    # print error to STDERR\n    echo \"error: The sandbox is not in sync with the Podfile.lock. Run 'pod install' or update your CocoaPods installation.\" >&2\n    exit 1\nfi\n# This output is used by Xcode 'outputs' to avoid re-running this script phase.\necho \"SUCCESS\" > \"${SCRIPT_OUTPUT_FILE_0}\"\n";
			showEnvVarsInLog = 0;
		};
		25C62A5F89ACF4F8AA8A3EA4 /* [CP] Embed Pods Frameworks */ = {
			isa = PBXShellScriptBuildPhase;
			buildActionMask = 2147483647;
			files = (
			);
			inputFileListPaths = (
				"${PODS_ROOT}/Target Support Files/Pods-PhotoRepository/Pods-PhotoRepository-frameworks-${CONFIGURATION}-input-files.xcfilelist",
			);
			name = "[CP] Embed Pods Frameworks";
			outputFileListPaths = (
				"${PODS_ROOT}/Target Support Files/Pods-PhotoRepository/Pods-PhotoRepository-frameworks-${CONFIGURATION}-output-files.xcfilelist",
			);
			runOnlyForDeploymentPostprocessing = 0;
			shellPath = /bin/sh;
			shellScript = "\"${PODS_ROOT}/Target Support Files/Pods-PhotoRepository/Pods-PhotoRepository-frameworks.sh\"\n";
			showEnvVarsInLog = 0;
		};
/* End PBXShellScriptBuildPhase section */

/* Begin PBXSourcesBuildPhase section */
		BFB3FBFE28329D6C000B7B21 /* Sources */ = {
			isa = PBXSourcesBuildPhase;
			buildActionMask = 2147483647;
			files = (
				BFB3FC2B2832ABE0000B7B21 /* UIFont+.swift in Sources */,
				BFB3FC2128329EC1000B7B21 /* Person.swift in Sources */,
				BFB3FC0A28329D6C000B7B21 /* PhotoRepositoryController.swift in Sources */,
				BFB3FC0628329D6C000B7B21 /* AppDelegate.swift in Sources */,
				BFB3FC2428329ED6000B7B21 /* NetworkingManager.swift in Sources */,
				BFB3FC2628329EF3000B7B21 /* CardCollectionViewCell.swift in Sources */,
				BFB3FC3B2833A234000B7B21 /* UIView+.swift in Sources */,
				BFB3FC1F28329EAB000B7B21 /* Enums.swift in Sources */,
				BFB3FC0828329D6C000B7B21 /* SceneDelegate.swift in Sources */,
			);
			runOnlyForDeploymentPostprocessing = 0;
		};
/* End PBXSourcesBuildPhase section */

/* Begin PBXVariantGroup section */
		BFB3FC1028329D6E000B7B21 /* LaunchScreen.storyboard */ = {
			isa = PBXVariantGroup;
			children = (
				BFB3FC1128329D6E000B7B21 /* Base */,
			);
			name = LaunchScreen.storyboard;
			sourceTree = "<group>";
		};
/* End PBXVariantGroup section */

/* Begin XCBuildConfiguration section */
		BFB3FC1428329D6E000B7B21 /* Debug */ = {
			isa = XCBuildConfiguration;
			buildSettings = {
				ALWAYS_SEARCH_USER_PATHS = NO;
				CLANG_ANALYZER_NONNULL = YES;
				CLANG_ANALYZER_NUMBER_OBJECT_CONVERSION = YES_AGGRESSIVE;
				CLANG_CXX_LANGUAGE_STANDARD = "gnu++17";
				CLANG_ENABLE_MODULES = YES;
				CLANG_ENABLE_OBJC_ARC = YES;
				CLANG_ENABLE_OBJC_WEAK = YES;
				CLANG_WARN_BLOCK_CAPTURE_AUTORELEASING = YES;
				CLANG_WARN_BOOL_CONVERSION = YES;
				CLANG_WARN_COMMA = YES;
				CLANG_WARN_CONSTANT_CONVERSION = YES;
				CLANG_WARN_DEPRECATED_OBJC_IMPLEMENTATIONS = YES;
				CLANG_WARN_DIRECT_OBJC_ISA_USAGE = YES_ERROR;
				CLANG_WARN_DOCUMENTATION_COMMENTS = YES;
				CLANG_WARN_EMPTY_BODY = YES;
				CLANG_WARN_ENUM_CONVERSION = YES;
				CLANG_WARN_INFINITE_RECURSION = YES;
				CLANG_WARN_INT_CONVERSION = YES;
				CLANG_WARN_NON_LITERAL_NULL_CONVERSION = YES;
				CLANG_WARN_OBJC_IMPLICIT_RETAIN_SELF = YES;
				CLANG_WARN_OBJC_LITERAL_CONVERSION = YES;
				CLANG_WARN_OBJC_ROOT_CLASS = YES_ERROR;
				CLANG_WARN_QUOTED_INCLUDE_IN_FRAMEWORK_HEADER = YES;
				CLANG_WARN_RANGE_LOOP_ANALYSIS = YES;
				CLANG_WARN_STRICT_PROTOTYPES = YES;
				CLANG_WARN_SUSPICIOUS_MOVE = YES;
				CLANG_WARN_UNGUARDED_AVAILABILITY = YES_AGGRESSIVE;
				CLANG_WARN_UNREACHABLE_CODE = YES;
				CLANG_WARN__DUPLICATE_METHOD_MATCH = YES;
				COPY_PHASE_STRIP = NO;
				DEBUG_INFORMATION_FORMAT = dwarf;
				ENABLE_STRICT_OBJC_MSGSEND = YES;
				ENABLE_TESTABILITY = YES;
				GCC_C_LANGUAGE_STANDARD = gnu11;
				GCC_DYNAMIC_NO_PIC = NO;
				GCC_NO_COMMON_BLOCKS = YES;
				GCC_OPTIMIZATION_LEVEL = 0;
				GCC_PREPROCESSOR_DEFINITIONS = (
					"DEBUG=1",
					"$(inherited)",
				);
				GCC_WARN_64_TO_32_BIT_CONVERSION = YES;
				GCC_WARN_ABOUT_RETURN_TYPE = YES_ERROR;
				GCC_WARN_UNDECLARED_SELECTOR = YES;
				GCC_WARN_UNINITIALIZED_AUTOS = YES_AGGRESSIVE;
				GCC_WARN_UNUSED_FUNCTION = YES;
				GCC_WARN_UNUSED_VARIABLE = YES;
				IPHONEOS_DEPLOYMENT_TARGET = 15.4;
				MTL_ENABLE_DEBUG_INFO = INCLUDE_SOURCE;
				MTL_FAST_MATH = YES;
				ONLY_ACTIVE_ARCH = YES;
				SDKROOT = iphoneos;
				SWIFT_ACTIVE_COMPILATION_CONDITIONS = DEBUG;
				SWIFT_OPTIMIZATION_LEVEL = "-Onone";
			};
			name = Debug;
		};
		BFB3FC1528329D6E000B7B21 /* Release */ = {
			isa = XCBuildConfiguration;
			buildSettings = {
				ALWAYS_SEARCH_USER_PATHS = NO;
				CLANG_ANALYZER_NONNULL = YES;
				CLANG_ANALYZER_NUMBER_OBJECT_CONVERSION = YES_AGGRESSIVE;
				CLANG_CXX_LANGUAGE_STANDARD = "gnu++17";
				CLANG_ENABLE_MODULES = YES;
				CLANG_ENABLE_OBJC_ARC = YES;
				CLANG_ENABLE_OBJC_WEAK = YES;
				CLANG_WARN_BLOCK_CAPTURE_AUTORELEASING = YES;
				CLANG_WARN_BOOL_CONVERSION = YES;
				CLANG_WARN_COMMA = YES;
				CLANG_WARN_CONSTANT_CONVERSION = YES;
				CLANG_WARN_DEPRECATED_OBJC_IMPLEMENTATIONS = YES;
				CLANG_WARN_DIRECT_OBJC_ISA_USAGE = YES_ERROR;
				CLANG_WARN_DOCUMENTATION_COMMENTS = YES;
				CLANG_WARN_EMPTY_BODY = YES;
				CLANG_WARN_ENUM_CONVERSION = YES;
				CLANG_WARN_INFINITE_RECURSION = YES;
				CLANG_WARN_INT_CONVERSION = YES;
				CLANG_WARN_NON_LITERAL_NULL_CONVERSION = YES;
				CLANG_WARN_OBJC_IMPLICIT_RETAIN_SELF = YES;
				CLANG_WARN_OBJC_LITERAL_CONVERSION = YES;
				CLANG_WARN_OBJC_ROOT_CLASS = YES_ERROR;
				CLANG_WARN_QUOTED_INCLUDE_IN_FRAMEWORK_HEADER = YES;
				CLANG_WARN_RANGE_LOOP_ANALYSIS = YES;
				CLANG_WARN_STRICT_PROTOTYPES = YES;
				CLANG_WARN_SUSPICIOUS_MOVE = YES;
				CLANG_WARN_UNGUARDED_AVAILABILITY = YES_AGGRESSIVE;
				CLANG_WARN_UNREACHABLE_CODE = YES;
				CLANG_WARN__DUPLICATE_METHOD_MATCH = YES;
				COPY_PHASE_STRIP = NO;
				DEBUG_INFORMATION_FORMAT = "dwarf-with-dsym";
				ENABLE_NS_ASSERTIONS = NO;
				ENABLE_STRICT_OBJC_MSGSEND = YES;
				GCC_C_LANGUAGE_STANDARD = gnu11;
				GCC_NO_COMMON_BLOCKS = YES;
				GCC_WARN_64_TO_32_BIT_CONVERSION = YES;
				GCC_WARN_ABOUT_RETURN_TYPE = YES_ERROR;
				GCC_WARN_UNDECLARED_SELECTOR = YES;
				GCC_WARN_UNINITIALIZED_AUTOS = YES_AGGRESSIVE;
				GCC_WARN_UNUSED_FUNCTION = YES;
				GCC_WARN_UNUSED_VARIABLE = YES;
				IPHONEOS_DEPLOYMENT_TARGET = 15.4;
				MTL_ENABLE_DEBUG_INFO = NO;
				MTL_FAST_MATH = YES;
				SDKROOT = iphoneos;
				SWIFT_COMPILATION_MODE = wholemodule;
				SWIFT_OPTIMIZATION_LEVEL = "-O";
				VALIDATE_PRODUCT = YES;
			};
			name = Release;
		};
		BFB3FC1728329D6E000B7B21 /* Debug */ = {
			isa = XCBuildConfiguration;
			baseConfigurationReference = D5385E04BA370D7D5206F7F4 /* Pods-PhotoRepository.debug.xcconfig */;
			buildSettings = {
				ASSETCATALOG_COMPILER_APPICON_NAME = AppIcon;
				ASSETCATALOG_COMPILER_GLOBAL_ACCENT_COLOR_NAME = AccentColor;
				CODE_SIGN_STYLE = Automatic;
				CURRENT_PROJECT_VERSION = 1;
				GENERATE_INFOPLIST_FILE = YES;
				INFOPLIST_FILE = PhotoRepository/Info.plist;
				INFOPLIST_KEY_UIApplicationSupportsIndirectInputEvents = YES;
				INFOPLIST_KEY_UILaunchStoryboardName = LaunchScreen;
				INFOPLIST_KEY_UISupportedInterfaceOrientations_iPad = "UIInterfaceOrientationPortrait UIInterfaceOrientationPortraitUpsideDown UIInterfaceOrientationLandscapeLeft UIInterfaceOrientationLandscapeRight";
				INFOPLIST_KEY_UISupportedInterfaceOrientations_iPhone = "UIInterfaceOrientationPortrait UIInterfaceOrientationLandscapeLeft UIInterfaceOrientationLandscapeRight";
				LD_RUNPATH_SEARCH_PATHS = (
					"$(inherited)",
					"@executable_path/Frameworks",
				);
				MARKETING_VERSION = 1.0;
				PRODUCT_BUNDLE_IDENTIFIER = com.google.PhotoRepository;
				PRODUCT_NAME = "$(TARGET_NAME)";
				SWIFT_EMIT_LOC_STRINGS = YES;
				SWIFT_VERSION = 5.0;
				TARGETED_DEVICE_FAMILY = "1,2";
			};
			name = Debug;
		};
		BFB3FC1828329D6E000B7B21 /* Release */ = {
			isa = XCBuildConfiguration;
			baseConfigurationReference = 6D3FA596EA183EF4920D7B58 /* Pods-PhotoRepository.release.xcconfig */;
			buildSettings = {
				ASSETCATALOG_COMPILER_APPICON_NAME = AppIcon;
				ASSETCATALOG_COMPILER_GLOBAL_ACCENT_COLOR_NAME = AccentColor;
				CODE_SIGN_STYLE = Automatic;
				CURRENT_PROJECT_VERSION = 1;
				GENERATE_INFOPLIST_FILE = YES;
				INFOPLIST_FILE = PhotoRepository/Info.plist;
				INFOPLIST_KEY_UIApplicationSupportsIndirectInputEvents = YES;
				INFOPLIST_KEY_UILaunchStoryboardName = LaunchScreen;
				INFOPLIST_KEY_UISupportedInterfaceOrientations_iPad = "UIInterfaceOrientationPortrait UIInterfaceOrientationPortraitUpsideDown UIInterfaceOrientationLandscapeLeft UIInterfaceOrientationLandscapeRight";
				INFOPLIST_KEY_UISupportedInterfaceOrientations_iPhone = "UIInterfaceOrientationPortrait UIInterfaceOrientationLandscapeLeft UIInterfaceOrientationLandscapeRight";
				LD_RUNPATH_SEARCH_PATHS = (
					"$(inherited)",
					"@executable_path/Frameworks",
				);
				MARKETING_VERSION = 1.0;
				PRODUCT_BUNDLE_IDENTIFIER = com.google.PhotoRepository;
				PRODUCT_NAME = "$(TARGET_NAME)";
				SWIFT_EMIT_LOC_STRINGS = YES;
				SWIFT_VERSION = 5.0;
				TARGETED_DEVICE_FAMILY = "1,2";
			};
			name = Release;
		};
/* End XCBuildConfiguration section */

/* Begin XCConfigurationList section */
		BFB3FBFD28329D6C000B7B21 /* Build configuration list for PBXProject "PhotoRepository" */ = {
			isa = XCConfigurationList;
			buildConfigurations = (
				BFB3FC1428329D6E000B7B21 /* Debug */,
				BFB3FC1528329D6E000B7B21 /* Release */,
			);
			defaultConfigurationIsVisible = 0;
			defaultConfigurationName = Release;
		};
		BFB3FC1628329D6E000B7B21 /* Build configuration list for PBXNativeTarget "PhotoRepository" */ = {
			isa = XCConfigurationList;
			buildConfigurations = (
				BFB3FC1728329D6E000B7B21 /* Debug */,
				BFB3FC1828329D6E000B7B21 /* Release */,
			);
			defaultConfigurationIsVisible = 0;
			defaultConfigurationName = Release;
		};
/* End XCConfigurationList section */
	};
	rootObject = BFB3FBFA28329D6C000B7B21 /* Project object */;
}
